dependencies:
  espressif/coco_detect:
    component_hash: 937ae8b2b6b55b41865a1da1bb0682baa12a35a4bcb7d46e39e6a31cad94b12f
    dependencies:
    - name: espressif/esp-dl
      registry_url: https://components.espressif.com
      require: private
      version: ^3.1.2
    source:
      registry_url: https://components.espressif.com/
      type: service
    version: 0.1.2
  espressif/esp-dl:
    component_hash: f451adb8650cf7cbfd94001d07099190cc15273156fc53f748a1288b727c48cb
    dependencies:
    - name: espressif/esp_jpeg
      registry_url: https://components.espressif.com
      require: private
      version: ^1.0.5~3
    - name: idf
      require: private
      version: '>=5.3'
    source:
      registry_url: https://components.espressif.com
      type: service
    targets:
    - esp32s3
    - esp32p4
    version: 3.1.2
  espressif/esp32-camera:
    component_hash: c3eb05fbeeae884a23bed9b17d48d5f0da8872beadae0c0e747d2fbea6094f06
    dependencies: []
    source:
      registry_url: https://components.espressif.com/
      type: service
    version: 2.0.15
  espressif/esp_jpeg:
    component_hash: 14c7335ea46c9ba51af8222ce7c31fe8c4f3417bece0287fdb4152f81cb6af95
    dependencies:
    - name: idf
      require: private
      version: '>=5.0'
    source:
      registry_url: https://components.espressif.com
      type: service
    version: 1.2.1
  espressif/esp_lvgl_port:
    component_hash: e720c95cf0667554a204591bb5fade4655fb2990465557041200fa44b5bc7556
    dependencies:
    - name: idf
      require: private
      version: '>=4.4'
    - name: lvgl/lvgl
      registry_url: https://components.espressif.com
      require: public
      version: '>=8,<10'
    source:
      registry_url: https://components.espressif.com/
      type: service
    version: 2.6.0
  idf:
    source:
      type: idf
    version: 5.4.1
  lvgl/lvgl:
    component_hash: 096c69af22eaf8a2b721e3913da91918c5e6bf1a762a113ec01f401aa61337a0
    dependencies: []
    source:
      registry_url: https://components.espressif.com
      type: service
    version: 9.2.2
direct_dependencies:
- espressif/coco_detect
- espressif/esp32-camera
- espressif/esp_lvgl_port
- idf
manifest_hash: ed3ee4bfa4531d36369615b3cb9e6af9d4997b00ab8bf1be6fbd45e9a1925eea
target: esp32s3
version: 2.0.0
